# This file was autogenerated by Stack.
# You should not edit this file by hand.
# For more information, please see the documentation at:
#   https://docs.haskellstack.org/en/stable/topics/lock_files

packages:
- completed:
    hackage: dani-servant-lucid2-0.1.0.0@sha256:0970a6d82c65da70a12cb2fd04c6296282d243866ce73b77f25a97991205b714,1619
    pantry-tree:
      sha256: d2bf40611b40680c2f8667b9b8c904459e9f0f41ea4c418136a5887765d5285b
      size: 373
  original:
    hackage: dani-servant-lucid2-0.1.0.0
snapshots:
- completed:
    sha256: 624dc86546207bcf970522795cb2344c36c06a7d94b9cb533c825d8d84ff9161
    size: 712617
    url: https://raw.githubusercontent.com/commercialhaskell/stackage-snapshots/master/nightly/2025/12/10.yaml
  original: nightly-2025-12-10
