# This file was autogenerated by Stack.
# You should not edit this file by hand.
# For more information, please see the documentation at:
#   https://docs.haskellstack.org/en/stable/lock_files

packages:
- completed:
    hackage: dani-servant-lucid2-0.1.0.0@sha256:0970a6d82c65da70a12cb2fd04c6296282d243866ce73b77f25a97991205b714,1619
    pantry-tree:
      sha256: d2bf40611b40680c2f8667b9b8c904459e9f0f41ea4c418136a5887765d5285b
      size: 373
  original:
    hackage: dani-servant-lucid2-0.1.0.0
snapshots:
- completed:
    sha256: 09a902cd4a00ef9b3ad70451572ef099c1d4a5536c8b7d4aa8aa66e06f02cea6
    size: 631517
    url: https://raw.githubusercontent.com/commercialhaskell/stackage-snapshots/master/nightly/2025/1/27.yaml
  original:
    url: https://raw.githubusercontent.com/commercialhaskell/stackage-snapshots/master/nightly/2025/1/27.yaml
